
Microsoft Visual Studio Solution File, Format Version 12.00
# Visual Studio Version 17
VisualStudioVersion = 17.14.36408.4 d17.14
MinimumVisualStudioVersion = 10.0.40219.1
Project("{FAE04EC0-301F-11D3-BF4B-00C04F79EFBC}") = "RectangleArea", "RectangleArea\RectangleArea.csproj", "{759AAB4D-7197-4DAA-BDF2-D663AA36E4B6}"
EndProject
Global
	GlobalSection(SolutionConfigurationPlatforms) = preSolution
		Debug|Any CPU = Debug|Any CPU
		Release|Any CPU = Release|Any CPU
	EndGlobalSection
	GlobalSection(ProjectConfigurationPlatforms) = postSolution
		{759AAB4D-7197-4DAA-BDF2-D663AA36E4B6}.Debug|Any CPU.ActiveCfg = Debug|Any CPU
		{759AAB4D-7197-4DAA-BDF2-D663AA36E4B6}.Debug|Any CPU.Build.0 = Debug|Any CPU
		{759AAB4D-7197-4DAA-BDF2-D663AA36E4B6}.Release|Any CPU.ActiveCfg = Release|Any CPU
		{759AAB4D-7197-4DAA-BDF2-D663AA36E4B6}.Release|Any CPU.Build.0 = Release|Any CPU
	EndGlobalSection
	GlobalSection(SolutionProperties) = preSolution
		HideSolutionNode = FALSE
	EndGlobalSection
	GlobalSection(ExtensibilityGlobals) = postSolution
		SolutionGuid = {BA8B0E39-0408-45B5-A1D4-50D11A980F9B}
	EndGlobalSection
EndGlobal
