
Microsoft Visual Studio Solution File, Format Version 12.00
# Visual Studio Version 17
VisualStudioVersion = 17.14.36408.4 d17.14
MinimumVisualStudioVersion = 10.0.40219.1
Project("{FAE04EC0-301F-11D3-BF4B-00C04F79EFBC}") = "MovieValidation", "MovieValidation\MovieValidation.csproj", "{4DA4EE92-990B-4EDA-BBEE-AA5E5A5E013A}"
EndProject
Global
	GlobalSection(SolutionConfigurationPlatforms) = preSolution
		Debug|Any CPU = Debug|Any CPU
		Release|Any CPU = Release|Any CPU
	EndGlobalSection
	GlobalSection(ProjectConfigurationPlatforms) = postSolution
		{4DA4EE92-990B-4EDA-BBEE-AA5E5A5E013A}.Debug|Any CPU.ActiveCfg = Debug|Any CPU
		{4DA4EE92-990B-4EDA-BBEE-AA5E5A5E013A}.Debug|Any CPU.Build.0 = Debug|Any CPU
		{4DA4EE92-990B-4EDA-BBEE-AA5E5A5E013A}.Release|Any CPU.ActiveCfg = Release|Any CPU
		{4DA4EE92-990B-4EDA-BBEE-AA5E5A5E013A}.Release|Any CPU.Build.0 = Release|Any CPU
	EndGlobalSection
	GlobalSection(SolutionProperties) = preSolution
		HideSolutionNode = FALSE
	EndGlobalSection
	GlobalSection(ExtensibilityGlobals) = postSolution
		SolutionGuid = {10FB8095-DC6E-4723-A1E8-2589EB4A0444}
	EndGlobalSection
EndGlobal
